
Microsoft Visual Studio Solution File, Format Version 12.00
# Visual Studio 15
VisualStudioVersion = 15.0.27703.2026
MinimumVisualStudioVersion = 10.0.40219.1
Project("{FAE04EC0-301F-11D3-BF4B-00C04F79EFBC}") = "DZ1", "ConsoleApp2\DZ1.csproj", "{F5024F0C-E907-48A3-95F1-D500AAF72479}"
EndProject
Project("{FAE04EC0-301F-11D3-BF4B-00C04F79EFBC}") = "DZ2", "DZ2\DZ2.csproj", "{7D60A86E-D436-4AF5-BBE7-425EAE2E1881}"
EndProject
Global
	GlobalSection(SolutionConfigurationPlatforms) = preSolution
		Debug|Any CPU = Debug|Any CPU
		Release|Any CPU = Release|Any CPU
	EndGlobalSection
	GlobalSection(ProjectConfigurationPlatforms) = postSolution
		{F5024F0C-E907-48A3-95F1-D500AAF72479}.Debug|Any CPU.ActiveCfg = Debug|Any CPU
		{F5024F0C-E907-48A3-95F1-D500AAF72479}.Debug|Any CPU.Build.0 = Debug|Any CPU
		{F5024F0C-E907-48A3-95F1-D500AAF72479}.Release|Any CPU.ActiveCfg = Release|Any CPU
		{F5024F0C-E907-48A3-95F1-D500AAF72479}.Release|Any CPU.Build.0 = Release|Any CPU
		{7D60A86E-D436-4AF5-BBE7-425EAE2E1881}.Debug|Any CPU.ActiveCfg = Debug|Any CPU
		{7D60A86E-D436-4AF5-BBE7-425EAE2E1881}.Debug|Any CPU.Build.0 = Debug|Any CPU
		{7D60A86E-D436-4AF5-BBE7-425EAE2E1881}.Release|Any CPU.ActiveCfg = Release|Any CPU
		{7D60A86E-D436-4AF5-BBE7-425EAE2E1881}.Release|Any CPU.Build.0 = Release|Any CPU
	EndGlobalSection
	GlobalSection(SolutionProperties) = preSolution
		HideSolutionNode = FALSE
	EndGlobalSection
	GlobalSection(ExtensibilityGlobals) = postSolution
		SolutionGuid = {33626D3D-A1A9-4187-83F7-62C4C3DBFD10}
	EndGlobalSection
EndGlobal
